
Microsoft Visual Studio Solution File, Format Version 12.00
# Visual Studio Version 17
VisualStudioVersion = 17.13.35919.96 d17.13
MinimumVisualStudioVersion = 10.0.40219.1
Project("{FAE04EC0-301F-11D3-BF4B-00C04F79EFBC}") = "AirportDataSearch", "AirportDataSearch\AirportDataSearch.csproj", "{A71293BF-F838-4ED4-867B-C3FD1696C1E8}"
EndProject
Global
	GlobalSection(SolutionConfigurationPlatforms) = preSolution
		Debug|Any CPU = Debug|Any CPU
		Release|Any CPU = Release|Any CPU
	EndGlobalSection
	GlobalSection(ProjectConfigurationPlatforms) = postSolution
		{A71293BF-F838-4ED4-867B-C3FD1696C1E8}.Debug|Any CPU.ActiveCfg = Debug|Any CPU
		{A71293BF-F838-4ED4-867B-C3FD1696C1E8}.Debug|Any CPU.Build.0 = Debug|Any CPU
		{A71293BF-F838-4ED4-867B-C3FD1696C1E8}.Release|Any CPU.ActiveCfg = Release|Any CPU
		{A71293BF-F838-4ED4-867B-C3FD1696C1E8}.Release|Any CPU.Build.0 = Release|Any CPU
	EndGlobalSection
	GlobalSection(SolutionProperties) = preSolution
		HideSolutionNode = FALSE
	EndGlobalSection
	GlobalSection(ExtensibilityGlobals) = postSolution
		SolutionGuid = {CC560DD7-0F9F-4D76-85A0-E9A35110CE46}
	EndGlobalSection
EndGlobal
